{
  "requires": true,
  "lockfileVersion": 1,
  "dependencies": {
    "markdown-it-footnote": {
      "version": "3.0.1",
      "resolved": "https://registry.npmjs.org/markdown-it-footnote/-/markdown-it-footnote-3.0.1.tgz",
      "integrity": "sha1-fzcwdHysyG4v4L+KF6cQ80eRUXo=",
      "dev": true
    },
    "vuepress-theme-yubisaki": {
      "version": "2.0.2",
      "resolved": "https://registry.npmjs.org/vuepress-theme-yubisaki/-/vuepress-theme-yubisaki-2.0.2.tgz",
      "integrity": "sha512-bXuFoxU+gyyx0E7bdCdsZ6qm3vliS+oWkYCmVKX577W1AXeOjRR9Mettot1D7k/bdwJGwoAl5q4DTClYTVXswg=="
    }
  }
}
