{
  "requires": true,
  "lockfileVersion": 1,
  "dependencies": {
    "markdown-it-footnote": {
      "version": "3.0.1",
      "resolved": "https://registry.npmjs.org/markdown-it-footnote/-/markdown-it-footnote-3.0.1.tgz",
      "integrity": "sha1-fzcwdHysyG4v4L+KF6cQ80eRUXo=",
      "dev": true
    },
    "vuepress-theme-yubisaki": {
      "version": "1.2.0",
      "resolved": "https://registry.npmjs.org/vuepress-theme-yubisaki/-/vuepress-theme-yubisaki-1.2.0.tgz",
      "integrity": "sha512-PizQz9u71EHBTYssjlmcSqE/ftdsIRUTmEkYD1UgjGU/U40wEY4xUfMb2VI2kA0nvSdogW0iH8VwEDbgQ0aWBQ=="
    }
  }
}
